
Microsoft Visual Studio Solution File, Format Version 12.00
# Visual Studio 14
VisualStudioVersion = 14.0.25123.0
MinimumVisualStudioVersion = 10.0.40219.1
Project("{FAE04EC0-301F-11D3-BF4B-00C04F79EFBC}") = "ExpressiveAssertions", "ExpressiveAssertions\ExpressiveAssertions.csproj", "{524F7A5F-29ED-4E6A-97DF-90E9EC9D15C2}"
EndProject
Project("{FAE04EC0-301F-11D3-BF4B-00C04F79EFBC}") = "ExpressiveAssertions.Tests", "ExpressiveAssertions.Tests\ExpressiveAssertions.Tests.csproj", "{3371B7A3-8703-4ED3-AF0B-76A39F35EE14}"
EndProject
Project("{FAE04EC0-301F-11D3-BF4B-00C04F79EFBC}") = "ExpressiveAssertions.MSTest", "ExpressiveAssertions.MSTest\ExpressiveAssertions.MSTest.csproj", "{5C3A829F-7DB6-45BD-A92B-EF6C31CEE82A}"
EndProject
Project("{2150E333-8FDC-42A3-9474-1A3956D46DE8}") = "SolutionItems", "SolutionItems", "{68C6051C-EEDC-4A2B-9E2F-3F84B7D1F393}"
	ProjectSection(SolutionItems) = preProject
		BumpVersionInstructions.md = BumpVersionInstructions.md
		GenerateAssemblyInfo.ps1 = GenerateAssemblyInfo.ps1
		GenerateNugetPackages.ps1 = GenerateNugetPackages.ps1
		LICENSE = LICENSE
		LICENSE_ExpressionToCode = LICENSE_ExpressionToCode
		metadata.xml = metadata.xml
		PublishNugetPackages.ps1 = PublishNugetPackages.ps1
		README.md = README.md
		SharedAssemblyInfo.cs = SharedAssemblyInfo.cs
		UpdateNugetPackageIfNeeded.ps1 = UpdateNugetPackageIfNeeded.ps1
	EndProjectSection
EndProject
Global
	GlobalSection(SolutionConfigurationPlatforms) = preSolution
		Debug|Any CPU = Debug|Any CPU
		Release|Any CPU = Release|Any CPU
	EndGlobalSection
	GlobalSection(ProjectConfigurationPlatforms) = postSolution
		{524F7A5F-29ED-4E6A-97DF-90E9EC9D15C2}.Debug|Any CPU.ActiveCfg = Debug|Any CPU
		{524F7A5F-29ED-4E6A-97DF-90E9EC9D15C2}.Debug|Any CPU.Build.0 = Debug|Any CPU
		{524F7A5F-29ED-4E6A-97DF-90E9EC9D15C2}.Release|Any CPU.ActiveCfg = Release|Any CPU
		{524F7A5F-29ED-4E6A-97DF-90E9EC9D15C2}.Release|Any CPU.Build.0 = Release|Any CPU
		{3371B7A3-8703-4ED3-AF0B-76A39F35EE14}.Debug|Any CPU.ActiveCfg = Debug|Any CPU
		{3371B7A3-8703-4ED3-AF0B-76A39F35EE14}.Debug|Any CPU.Build.0 = Debug|Any CPU
		{3371B7A3-8703-4ED3-AF0B-76A39F35EE14}.Release|Any CPU.ActiveCfg = Release|Any CPU
		{3371B7A3-8703-4ED3-AF0B-76A39F35EE14}.Release|Any CPU.Build.0 = Release|Any CPU
		{5C3A829F-7DB6-45BD-A92B-EF6C31CEE82A}.Debug|Any CPU.ActiveCfg = Debug|Any CPU
		{5C3A829F-7DB6-45BD-A92B-EF6C31CEE82A}.Debug|Any CPU.Build.0 = Debug|Any CPU
		{5C3A829F-7DB6-45BD-A92B-EF6C31CEE82A}.Release|Any CPU.ActiveCfg = Release|Any CPU
		{5C3A829F-7DB6-45BD-A92B-EF6C31CEE82A}.Release|Any CPU.Build.0 = Release|Any CPU
	EndGlobalSection
	GlobalSection(SolutionProperties) = preSolution
		HideSolutionNode = FALSE
	EndGlobalSection
EndGlobal
